
Microsoft Visual Studio Solution File, Format Version 12.00
# Visual Studio Version 17
VisualStudioVersion = 17.1.32328.378
MinimumVisualStudioVersion = 10.0.40219.1
Project("{FAE04EC0-301F-11D3-BF4B-00C04F79EFBC}") = "HTT_TestTask", "HTT_TestTask\HTT_TestTask.csproj", "{07788401-D198-4794-A35C-719B225E568C}"
EndProject
Project("{FAE04EC0-301F-11D3-BF4B-00C04F79EFBC}") = "EntityFramework", "EntityFramework\EntityFramework.csproj", "{586EE2AF-0873-4213-8FB5-650B540193D4}"
EndProject
Global
	GlobalSection(SolutionConfigurationPlatforms) = preSolution
		Debug|Any CPU = Debug|Any CPU
		Release|Any CPU = Release|Any CPU
	EndGlobalSection
	GlobalSection(ProjectConfigurationPlatforms) = postSolution
		{07788401-D198-4794-A35C-719B225E568C}.Debug|Any CPU.ActiveCfg = Debug|Any CPU
		{07788401-D198-4794-A35C-719B225E568C}.Debug|Any CPU.Build.0 = Debug|Any CPU
		{07788401-D198-4794-A35C-719B225E568C}.Release|Any CPU.ActiveCfg = Release|Any CPU
		{07788401-D198-4794-A35C-719B225E568C}.Release|Any CPU.Build.0 = Release|Any CPU
		{586EE2AF-0873-4213-8FB5-650B540193D4}.Debug|Any CPU.ActiveCfg = Debug|Any CPU
		{586EE2AF-0873-4213-8FB5-650B540193D4}.Debug|Any CPU.Build.0 = Debug|Any CPU
		{586EE2AF-0873-4213-8FB5-650B540193D4}.Release|Any CPU.ActiveCfg = Release|Any CPU
		{586EE2AF-0873-4213-8FB5-650B540193D4}.Release|Any CPU.Build.0 = Release|Any CPU
	EndGlobalSection
	GlobalSection(SolutionProperties) = preSolution
		HideSolutionNode = FALSE
	EndGlobalSection
	GlobalSection(ExtensibilityGlobals) = postSolution
		SolutionGuid = {72A752F8-ED88-4E5A-BC54-7C9D67910372}
	EndGlobalSection
EndGlobal
